// !$*UTF8*$!
{
	archiveVersion = 1;
	classes = {
	};
	objectVersion = 55;
	objects = {

/* Begin PBXBuildFile section */
		83DC7C0F2703B90000A11E44 /* StateView.swift in Sources */ = {isa = PBXBuildFile; fileRef = 83DC7C0E2703B90000A11E44 /* StateView.swift */; };
		83DC7C132703CB5100A11E44 /* DataView.swift in Sources */ = {isa = PBXBuildFile; fileRef = 83DC7C122703CB5100A11E44 /* DataView.swift */; };
		83DC7C192703DB8500A11E44 /* ProfileDataView.swift in Sources */ = {isa = PBXBuildFile; fileRef = 83DC7C182703DB8500A11E44 /* ProfileDataView.swift */; };
		83FBBEB32703A5D50064DC50 /* App02_MiPerfilApp.swift in Sources */ = {isa = PBXBuildFile; fileRef = 83FBBEB22703A5D50064DC50 /* App02_MiPerfilApp.swift */; };
		83FBBEB52703A5D50064DC50 /* ProfileView.swift in Sources */ = {isa = PBXBuildFile; fileRef = 83FBBEB42703A5D50064DC50 /* ProfileView.swift */; };
		83FBBEB72703A5D70064DC50 /* Assets.xcassets in Resources */ = {isa = PBXBuildFile; fileRef = 83FBBEB62703A5D70064DC50 /* Assets.xcassets */; };
		83FBBEBA2703A5D70064DC50 /* Preview Assets.xcassets in Resources */ = {isa = PBXBuildFile; fileRef = 83FBBEB92703A5D70064DC50 /* Preview Assets.xcassets */; };
		83FBBEC12703A7420064DC50 /* TextView.swift in Sources */ = {isa = PBXBuildFile; fileRef = 83FBBEC02703A7420064DC50 /* TextView.swift */; };
		83FBBEC72703A9280064DC50 /* Gluten-Black.ttf in Resources */ = {isa = PBXBuildFile; fileRef = 83FBBEC32703A9280064DC50 /* Gluten-Black.ttf */; };
		83FBBEC82703A9280064DC50 /* Gluten-Regular.ttf in Resources */ = {isa = PBXBuildFile; fileRef = 83FBBEC42703A9280064DC50 /* Gluten-Regular.ttf */; };
		83FBBEC92703A9280064DC50 /* Gluten-Bold.ttf in Resources */ = {isa = PBXBuildFile; fileRef = 83FBBEC52703A9280064DC50 /* Gluten-Bold.ttf */; };
		83FBBECA2703A9280064DC50 /* Fonts.swift in Sources */ = {isa = PBXBuildFile; fileRef = 83FBBEC62703A9280064DC50 /* Fonts.swift */; };
		83FBBED12703AE200064DC50 /* Colors.xcassets in Resources */ = {isa = PBXBuildFile; fileRef = 83FBBED02703AE200064DC50 /* Colors.xcassets */; };
/* End PBXBuildFile section */

/* Begin PBXFileReference section */
		83DC7C0E2703B90000A11E44 /* StateView.swift */ = {isa = PBXFileReference; lastKnownFileType = sourcecode.swift; path = StateView.swift; sourceTree = "<group>"; };
		83DC7C122703CB5100A11E44 /* DataView.swift */ = {isa = PBXFileReference; lastKnownFileType = sourcecode.swift; path = DataView.swift; sourceTree = "<group>"; };
		83DC7C182703DB8500A11E44 /* ProfileDataView.swift */ = {isa = PBXFileReference; lastKnownFileType = sourcecode.swift; path = ProfileDataView.swift; sourceTree = "<group>"; };
		83FBBEAF2703A5D40064DC50 /* App02-MiPerfil.app */ = {isa = PBXFileReference; explicitFileType = wrapper.application; includeInIndex = 0; path = "App02-MiPerfil.app"; sourceTree = BUILT_PRODUCTS_DIR; };
		83FBBEB22703A5D50064DC50 /* App02_MiPerfilApp.swift */ = {isa = PBXFileReference; lastKnownFileType = sourcecode.swift; path = App02_MiPerfilApp.swift; sourceTree = "<group>"; };
		83FBBEB42703A5D50064DC50 /* ProfileView.swift */ = {isa = PBXFileReference; lastKnownFileType = sourcecode.swift; path = ProfileView.swift; sourceTree = "<group>"; };
		83FBBEB62703A5D70064DC50 /* Assets.xcassets */ = {isa = PBXFileReference; lastKnownFileType = folder.assetcatalog; path = Assets.xcassets; sourceTree = "<group>"; };
		83FBBEB92703A5D70064DC50 /* Preview Assets.xcassets */ = {isa = PBXFileReference; lastKnownFileType = folder.assetcatalog; path = "Preview Assets.xcassets"; sourceTree = "<group>"; };
		83FBBEC02703A7420064DC50 /* TextView.swift */ = {isa = PBXFileReference; lastKnownFileType = sourcecode.swift; path = TextView.swift; sourceTree = "<group>"; };
		83FBBEC32703A9280064DC50 /* Gluten-Black.ttf */ = {isa = PBXFileReference; lastKnownFileType = file; path = "Gluten-Black.ttf"; sourceTree = "<group>"; };
		83FBBEC42703A9280064DC50 /* Gluten-Regular.ttf */ = {isa = PBXFileReference; lastKnownFileType = file; path = "Gluten-Regular.ttf"; sourceTree = "<group>"; };
		83FBBEC52703A9280064DC50 /* Gluten-Bold.ttf */ = {isa = PBXFileReference; lastKnownFileType = file; path = "Gluten-Bold.ttf"; sourceTree = "<group>"; };
		83FBBEC62703A9280064DC50 /* Fonts.swift */ = {isa = PBXFileReference; fileEncoding = 4; lastKnownFileType = sourcecode.swift; path = Fonts.swift; sourceTree = "<group>"; };
		83FBBECB2703A9BB0064DC50 /* Info.plist */ = {isa = PBXFileReference; lastKnownFileType = text.plist; path = Info.plist; sourceTree = "<group>"; };
		83FBBED02703AE200064DC50 /* Colors.xcassets */ = {isa = PBXFileReference; lastKnownFileType = folder.assetcatalog; path = Colors.xcassets; sourceTree = "<group>"; };
/* End PBXFileReference section */

/* Begin PBXFrameworksBuildPhase section */
		83FBBEAC2703A5D40064DC50 /* Frameworks */ = {
			isa = PBXFrameworksBuildPhase;
			buildActionMask = 2147483647;
			files = (
			);
			runOnlyForDeploymentPostprocessing = 0;
		};
/* End PBXFrameworksBuildPhase section */

/* Begin PBXGroup section */
		83FBBEA62703A5D40064DC50 = {
			isa = PBXGroup;
			children = (
				83FBBEB12703A5D40064DC50 /* App02-MiPerfil */,
				83FBBEB02703A5D40064DC50 /* Products */,
			);
			sourceTree = "<group>";
		};
		83FBBEB02703A5D40064DC50 /* Products */ = {
			isa = PBXGroup;
			children = (
				83FBBEAF2703A5D40064DC50 /* App02-MiPerfil.app */,
			);
			name = Products;
			sourceTree = "<group>";
		};
		83FBBEB12703A5D40064DC50 /* App02-MiPerfil */ = {
			isa = PBXGroup;
			children = (
				83FBBEC22703A9280064DC50 /* Fonts */,
				83FBBEB22703A5D50064DC50 /* App02_MiPerfilApp.swift */,
				83FBBEB42703A5D50064DC50 /* ProfileView.swift */,
				83DC7C182703DB8500A11E44 /* ProfileDataView.swift */,
				83DC7C0E2703B90000A11E44 /* StateView.swift */,
				83DC7C122703CB5100A11E44 /* DataView.swift */,
				83FBBEC02703A7420064DC50 /* TextView.swift */,
				83FBBED02703AE200064DC50 /* Colors.xcassets */,
				83FBBEB62703A5D70064DC50 /* Assets.xcassets */,
				83FBBECB2703A9BB0064DC50 /* Info.plist */,
				83FBBEB82703A5D70064DC50 /* Preview Content */,
			);
			path = "App02-MiPerfil";
			sourceTree = "<group>";
		};
		83FBBEB82703A5D70064DC50 /* Preview Content */ = {
			isa = PBXGroup;
			children = (
				83FBBEB92703A5D70064DC50 /* Preview Assets.xcassets */,
			);
			path = "Preview Content";
			sourceTree = "<group>";
		};
		83FBBEC22703A9280064DC50 /* Fonts */ = {
			isa = PBXGroup;
			children = (
				83FBBEC32703A9280064DC50 /* Gluten-Black.ttf */,
				83FBBEC42703A9280064DC50 /* Gluten-Regular.ttf */,
				83FBBEC52703A9280064DC50 /* Gluten-Bold.ttf */,
				83FBBEC62703A9280064DC50 /* Fonts.swift */,
			);
			path = Fonts;
			sourceTree = "<group>";
		};
/* End PBXGroup section */

/* Begin PBXNativeTarget section */
		83FBBEAE2703A5D40064DC50 /* App02-MiPerfil */ = {
			isa = PBXNativeTarget;
			buildConfigurationList = 83FBBEBD2703A5D70064DC50 /* Build configuration list for PBXNativeTarget "App02-MiPerfil" */;
			buildPhases = (
				83FBBEAB2703A5D40064DC50 /* Sources */,
				83FBBEAC2703A5D40064DC50 /* Frameworks */,
				83FBBEAD2703A5D40064DC50 /* Resources */,
			);
			buildRules = (
			);
			dependencies = (
			);
			name = "App02-MiPerfil";
			productName = "App01-MiPerfil";
			productReference = 83FBBEAF2703A5D40064DC50 /* App02-MiPerfil.app */;
			productType = "com.apple.product-type.application";
		};
/* End PBXNativeTarget section */

/* Begin PBXProject section */
		83FBBEA72703A5D40064DC50 /* Project object */ = {
			isa = PBXProject;
			attributes = {
				BuildIndependentTargetsInParallel = 1;
				LastSwiftUpdateCheck = 1300;
				LastUpgradeCheck = 1300;
				TargetAttributes = {
					83FBBEAE2703A5D40064DC50 = {
						CreatedOnToolsVersion = 13.0;
					};
				};
			};
			buildConfigurationList = 83FBBEAA2703A5D40064DC50 /* Build configuration list for PBXProject "App02-MiPerfil" */;
			compatibilityVersion = "Xcode 13.0";
			developmentRegion = en;
			hasScannedForEncodings = 0;
			knownRegions = (
				en,
				Base,
			);
			mainGroup = 83FBBEA62703A5D40064DC50;
			productRefGroup = 83FBBEB02703A5D40064DC50 /* Products */;
			projectDirPath = "";
			projectRoot = "";
			targets = (
				83FBBEAE2703A5D40064DC50 /* App02-MiPerfil */,
			);
		};
/* End PBXProject section */

/* Begin PBXResourcesBuildPhase section */
		83FBBEAD2703A5D40064DC50 /* Resources */ = {
			isa = PBXResourcesBuildPhase;
			buildActionMask = 2147483647;
			files = (
				83FBBEC82703A9280064DC50 /* Gluten-Regular.ttf in Resources */,
				83FBBEC72703A9280064DC50 /* Gluten-Black.ttf in Resources */,
				83FBBEBA2703A5D70064DC50 /* Preview Assets.xcassets in Resources */,
				83FBBED12703AE200064DC50 /* Colors.xcassets in Resources */,
				83FBBEC92703A9280064DC50 /* Gluten-Bold.ttf in Resources */,
				83FBBEB72703A5D70064DC50 /* Assets.xcassets in Resources */,
			);
			runOnlyForDeploymentPostprocessing = 0;
		};
/* End PBXResourcesBuildPhase section */

/* Begin PBXSourcesBuildPhase section */
		83FBBEAB2703A5D40064DC50 /* Sources */ = {
			isa = PBXSourcesBuildPhase;
			buildActionMask = 2147483647;
			files = (
				83DC7C132703CB5100A11E44 /* DataView.swift in Sources */,
				83FBBECA2703A9280064DC50 /* Fonts.swift in Sources */,
				83DC7C192703DB8500A11E44 /* ProfileDataView.swift in Sources */,
				83FBBEC12703A7420064DC50 /* TextView.swift in Sources */,
				83DC7C0F2703B90000A11E44 /* StateView.swift in Sources */,
				83FBBEB52703A5D50064DC50 /* ProfileView.swift in Sources */,
				83FBBEB32703A5D50064DC50 /* App02_MiPerfilApp.swift in Sources */,
			);
			runOnlyForDeploymentPostprocessing = 0;
		};
/* End PBXSourcesBuildPhase section */

/* Begin XCBuildConfiguration section */
		83FBBEBB2703A5D70064DC50 /* Debug */ = {
			isa = XCBuildConfiguration;
			buildSettings = {
				ALWAYS_SEARCH_USER_PATHS = NO;
				CLANG_ANALYZER_NONNULL = YES;
				CLANG_ANALYZER_NUMBER_OBJECT_CONVERSION = YES_AGGRESSIVE;
				CLANG_CXX_LANGUAGE_STANDARD = "gnu++17";
				CLANG_CXX_LIBRARY = "libc++";
				CLANG_ENABLE_MODULES = YES;
				CLANG_ENABLE_OBJC_ARC = YES;
				CLANG_ENABLE_OBJC_WEAK = YES;
				CLANG_WARN_BLOCK_CAPTURE_AUTORELEASING = YES;
				CLANG_WARN_BOOL_CONVERSION = YES;
				CLANG_WARN_COMMA = YES;
				CLANG_WARN_CONSTANT_CONVERSION = YES;
				CLANG_WARN_DEPRECATED_OBJC_IMPLEMENTATIONS = YES;
				CLANG_WARN_DIRECT_OBJC_ISA_USAGE = YES_ERROR;
				CLANG_WARN_DOCUMENTATION_COMMENTS = YES;
				CLANG_WARN_EMPTY_BODY = YES;
				CLANG_WARN_ENUM_CONVERSION = YES;
				CLANG_WARN_INFINITE_RECURSION = YES;
				CLANG_WARN_INT_CONVERSION = YES;
				CLANG_WARN_NON_LITERAL_NULL_CONVERSION = YES;
				CLANG_WARN_OBJC_IMPLICIT_RETAIN_SELF = YES;
				CLANG_WARN_OBJC_LITERAL_CONVERSION = YES;
				CLANG_WARN_OBJC_ROOT_CLASS = YES_ERROR;
				CLANG_WARN_QUOTED_INCLUDE_IN_FRAMEWORK_HEADER = YES;
				CLANG_WARN_RANGE_LOOP_ANALYSIS = YES;
				CLANG_WARN_STRICT_PROTOTYPES = YES;
				CLANG_WARN_SUSPICIOUS_MOVE = YES;
				CLANG_WARN_UNGUARDED_AVAILABILITY = YES_AGGRESSIVE;
				CLANG_WARN_UNREACHABLE_CODE = YES;
				CLANG_WARN__DUPLICATE_METHOD_MATCH = YES;
				COPY_PHASE_STRIP = NO;
				DEBUG_INFORMATION_FORMAT = dwarf;
				ENABLE_STRICT_OBJC_MSGSEND = YES;
				ENABLE_TESTABILITY = YES;
				GCC_C_LANGUAGE_STANDARD = gnu11;
				GCC_DYNAMIC_NO_PIC = NO;
				GCC_NO_COMMON_BLOCKS = YES;
				GCC_OPTIMIZATION_LEVEL = 0;
				GCC_PREPROCESSOR_DEFINITIONS = (
					"DEBUG=1",
					"$(inherited)",
				);
				GCC_WARN_64_TO_32_BIT_CONVERSION = YES;
				GCC_WARN_ABOUT_RETURN_TYPE = YES_ERROR;
				GCC_WARN_UNDECLARED_SELECTOR = YES;
				GCC_WARN_UNINITIALIZED_AUTOS = YES_AGGRESSIVE;
				GCC_WARN_UNUSED_FUNCTION = YES;
				GCC_WARN_UNUSED_VARIABLE = YES;
				IPHONEOS_DEPLOYMENT_TARGET = 15.0;
				MTL_ENABLE_DEBUG_INFO = INCLUDE_SOURCE;
				MTL_FAST_MATH = YES;
				ONLY_ACTIVE_ARCH = YES;
				SDKROOT = iphoneos;
				SWIFT_ACTIVE_COMPILATION_CONDITIONS = DEBUG;
				SWIFT_OPTIMIZATION_LEVEL = "-Onone";
			};
			name = Debug;
		};
		83FBBEBC2703A5D70064DC50 /* Release */ = {
			isa = XCBuildConfiguration;
			buildSettings = {
				ALWAYS_SEARCH_USER_PATHS = NO;
				CLANG_ANALYZER_NONNULL = YES;
				CLANG_ANALYZER_NUMBER_OBJECT_CONVERSION = YES_AGGRESSIVE;
				CLANG_CXX_LANGUAGE_STANDARD = "gnu++17";
				CLANG_CXX_LIBRARY = "libc++";
				CLANG_ENABLE_MODULES = YES;
				CLANG_ENABLE_OBJC_ARC = YES;
				CLANG_ENABLE_OBJC_WEAK = YES;
				CLANG_WARN_BLOCK_CAPTURE_AUTORELEASING = YES;
				CLANG_WARN_BOOL_CONVERSION = YES;
				CLANG_WARN_COMMA = YES;
				CLANG_WARN_CONSTANT_CONVERSION = YES;
				CLANG_WARN_DEPRECATED_OBJC_IMPLEMENTATIONS = YES;
				CLANG_WARN_DIRECT_OBJC_ISA_USAGE = YES_ERROR;
				CLANG_WARN_DOCUMENTATION_COMMENTS = YES;
				CLANG_WARN_EMPTY_BODY = YES;
				CLANG_WARN_ENUM_CONVERSION = YES;
				CLANG_WARN_INFINITE_RECURSION = YES;
				CLANG_WARN_INT_CONVERSION = YES;
				CLANG_WARN_NON_LITERAL_NULL_CONVERSION = YES;
				CLANG_WARN_OBJC_IMPLICIT_RETAIN_SELF = YES;
				CLANG_WARN_OBJC_LITERAL_CONVERSION = YES;
				CLANG_WARN_OBJC_ROOT_CLASS = YES_ERROR;
				CLANG_WARN_QUOTED_INCLUDE_IN_FRAMEWORK_HEADER = YES;
				CLANG_WARN_RANGE_LOOP_ANALYSIS = YES;
				CLANG_WARN_STRICT_PROTOTYPES = YES;
				CLANG_WARN_SUSPICIOUS_MOVE = YES;
				CLANG_WARN_UNGUARDED_AVAILABILITY = YES_AGGRESSIVE;
				CLANG_WARN_UNREACHABLE_CODE = YES;
				CLANG_WARN__DUPLICATE_METHOD_MATCH = YES;
				COPY_PHASE_STRIP = NO;
				DEBUG_INFORMATION_FORMAT = "dwarf-with-dsym";
				ENABLE_NS_ASSERTIONS = NO;
				ENABLE_STRICT_OBJC_MSGSEND = YES;
				GCC_C_LANGUAGE_STANDARD = gnu11;
				GCC_NO_COMMON_BLOCKS = YES;
				GCC_WARN_64_TO_32_BIT_CONVERSION = YES;
				GCC_WARN_ABOUT_RETURN_TYPE = YES_ERROR;
				GCC_WARN_UNDECLARED_SELECTOR = YES;
				GCC_WARN_UNINITIALIZED_AUTOS = YES_AGGRESSIVE;
				GCC_WARN_UNUSED_FUNCTION = YES;
				GCC_WARN_UNUSED_VARIABLE = YES;
				IPHONEOS_DEPLOYMENT_TARGET = 15.0;
				MTL_ENABLE_DEBUG_INFO = NO;
				MTL_FAST_MATH = YES;
				SDKROOT = iphoneos;
				SWIFT_COMPILATION_MODE = wholemodule;
				SWIFT_OPTIMIZATION_LEVEL = "-O";
				VALIDATE_PRODUCT = YES;
			};
			name = Release;
		};
		83FBBEBE2703A5D70064DC50 /* Debug */ = {
			isa = XCBuildConfiguration;
			buildSettings = {
				ASSETCATALOG_COMPILER_APPICON_NAME = AppIcon;
				ASSETCATALOG_COMPILER_GLOBAL_ACCENT_COLOR_NAME = AccentColor;
				CODE_SIGN_STYLE = Automatic;
				CURRENT_PROJECT_VERSION = 1;
				DEVELOPMENT_ASSET_PATHS = "\"App02-MiPerfil/Preview Content\"";
				ENABLE_PREVIEWS = YES;
				GENERATE_INFOPLIST_FILE = YES;
				INFOPLIST_FILE = "App02-MiPerfil/Info.plist";
				INFOPLIST_KEY_UIApplicationSceneManifest_Generation = YES;
				INFOPLIST_KEY_UIApplicationSupportsIndirectInputEvents = YES;
				INFOPLIST_KEY_UILaunchScreen_Generation = YES;
				INFOPLIST_KEY_UISupportedInterfaceOrientations_iPad = "UIInterfaceOrientationPortrait UIInterfaceOrientationPortraitUpsideDown UIInterfaceOrientationLandscapeLeft UIInterfaceOrientationLandscapeRight";
				INFOPLIST_KEY_UISupportedInterfaceOrientations_iPhone = "UIInterfaceOrientationPortrait UIInterfaceOrientationLandscapeLeft UIInterfaceOrientationLandscapeRight";
				IPHONEOS_DEPLOYMENT_TARGET = 14.0;
				LD_RUNPATH_SEARCH_PATHS = (
					"$(inherited)",
					"@executable_path/Frameworks",
				);
				MARKETING_VERSION = 1.0;
				PRODUCT_BUNDLE_IDENTIFIER = "a01570405.App02-MiPerfil";
				PRODUCT_NAME = "$(TARGET_NAME)";
				SWIFT_EMIT_LOC_STRINGS = YES;
				SWIFT_VERSION = 5.0;
				TARGETED_DEVICE_FAMILY = "1,2";
			};
			name = Debug;
		};
		83FBBEBF2703A5D70064DC50 /* Release */ = {
			isa = XCBuildConfiguration;
			buildSettings = {
				ASSETCATALOG_COMPILER_APPICON_NAME = AppIcon;
				ASSETCATALOG_COMPILER_GLOBAL_ACCENT_COLOR_NAME = AccentColor;
				CODE_SIGN_STYLE = Automatic;
				CURRENT_PROJECT_VERSION = 1;
				DEVELOPMENT_ASSET_PATHS = "\"App02-MiPerfil/Preview Content\"";
				ENABLE_PREVIEWS = YES;
				GENERATE_INFOPLIST_FILE = YES;
				INFOPLIST_FILE = "App02-MiPerfil/Info.plist";
				INFOPLIST_KEY_UIApplicationSceneManifest_Generation = YES;
				INFOPLIST_KEY_UIApplicationSupportsIndirectInputEvents = YES;
				INFOPLIST_KEY_UILaunchScreen_Generation = YES;
				INFOPLIST_KEY_UISupportedInterfaceOrientations_iPad = "UIInterfaceOrientationPortrait UIInterfaceOrientationPortraitUpsideDown UIInterfaceOrientationLandscapeLeft UIInterfaceOrientationLandscapeRight";
				INFOPLIST_KEY_UISupportedInterfaceOrientations_iPhone = "UIInterfaceOrientationPortrait UIInterfaceOrientationLandscapeLeft UIInterfaceOrientationLandscapeRight";
				IPHONEOS_DEPLOYMENT_TARGET = 14.0;
				LD_RUNPATH_SEARCH_PATHS = (
					"$(inherited)",
					"@executable_path/Frameworks",
				);
				MARKETING_VERSION = 1.0;
				PRODUCT_BUNDLE_IDENTIFIER = "a01570405.App02-MiPerfil";
				PRODUCT_NAME = "$(TARGET_NAME)";
				SWIFT_EMIT_LOC_STRINGS = YES;
				SWIFT_VERSION = 5.0;
				TARGETED_DEVICE_FAMILY = "1,2";
			};
			name = Release;
		};
/* End XCBuildConfiguration section */

/* Begin XCConfigurationList section */
		83FBBEAA2703A5D40064DC50 /* Build configuration list for PBXProject "App02-MiPerfil" */ = {
			isa = XCConfigurationList;
			buildConfigurations = (
				83FBBEBB2703A5D70064DC50 /* Debug */,
				83FBBEBC2703A5D70064DC50 /* Release */,
			);
			defaultConfigurationIsVisible = 0;
			defaultConfigurationName = Release;
		};
		83FBBEBD2703A5D70064DC50 /* Build configuration list for PBXNativeTarget "App02-MiPerfil" */ = {
			isa = XCConfigurationList;
			buildConfigurations = (
				83FBBEBE2703A5D70064DC50 /* Debug */,
				83FBBEBF2703A5D70064DC50 /* Release */,
			);
			defaultConfigurationIsVisible = 0;
			defaultConfigurationName = Release;
		};
/* End XCConfigurationList section */
	};
	rootObject = 83FBBEA72703A5D40064DC50 /* Project object */;
}
